// !$*UTF8*$!
{
	archiveVersion = 1;
	classes = {
	};
	objectVersion = 56;
	objects = {

/* Begin PBXBuildFile section */
		CA10FEB32A84F2D4004DCCB1 /* AppDelegate.swift in Sources */ = {isa = PBXBuildFile; fileRef = CA10FEB22A84F2D4004DCCB1 /* AppDelegate.swift */; };
		CA10FEB52A84F2D4004DCCB1 /* SceneDelegate.swift in Sources */ = {isa = PBXBuildFile; fileRef = CA10FEB42A84F2D4004DCCB1 /* SceneDelegate.swift */; };
		CA10FEB72A84F2D4004DCCB1 /* RootViewController.swift in Sources */ = {isa = PBXBuildFile; fileRef = CA10FEB62A84F2D4004DCCB1 /* RootViewController.swift */; };
		CA10FEBA2A84F2D4004DCCB1 /* Main.storyboard in Resources */ = {isa = PBXBuildFile; fileRef = CA10FEB82A84F2D4004DCCB1 /* Main.storyboard */; };
		CA10FEBC2A84F2D5004DCCB1 /* Assets.xcassets in Resources */ = {isa = PBXBuildFile; fileRef = CA10FEBB2A84F2D5004DCCB1 /* Assets.xcassets */; };
		CA10FEBF2A84F2D5004DCCB1 /* LaunchScreen.storyboard in Resources */ = {isa = PBXBuildFile; fileRef = CA10FEBD2A84F2D5004DCCB1 /* LaunchScreen.storyboard */; };
		CA10FEDF2A8513B6004DCCB1 /* CamViewController.swift in Sources */ = {isa = PBXBuildFile; fileRef = CA10FEDE2A8513B6004DCCB1 /* CamViewController.swift */; };
		CA10FEE12A8513C5004DCCB1 /* DoorViewController.swift in Sources */ = {isa = PBXBuildFile; fileRef = CA10FEE02A8513C5004DCCB1 /* DoorViewController.swift */; };
		CA10FEE52A851BCD004DCCB1 /* NetworkManager.swift in Sources */ = {isa = PBXBuildFile; fileRef = CA10FEE42A851BCD004DCCB1 /* NetworkManager.swift */; };
		CA10FEE72A852735004DCCB1 /* CamResult.swift in Sources */ = {isa = PBXBuildFile; fileRef = CA10FEE62A852735004DCCB1 /* CamResult.swift */; };
		CA10FEE92A852761004DCCB1 /* DoorResult.swift in Sources */ = {isa = PBXBuildFile; fileRef = CA10FEE82A852761004DCCB1 /* DoorResult.swift */; };
		CA10FEEC2A852F1B004DCCB1 /* Realm in Frameworks */ = {isa = PBXBuildFile; productRef = CA10FEEB2A852F1B004DCCB1 /* Realm */; };
		CA10FEEE2A852F1B004DCCB1 /* RealmSwift in Frameworks */ = {isa = PBXBuildFile; productRef = CA10FEED2A852F1B004DCCB1 /* RealmSwift */; };
		CA10FEF12A852F3A004DCCB1 /* StorageManager.swift in Sources */ = {isa = PBXBuildFile; fileRef = CA10FEF02A852F3A004DCCB1 /* StorageManager.swift */; };
		CA10FEF52A8553ED004DCCB1 /* DoorTableViewCell.swift in Sources */ = {isa = PBXBuildFile; fileRef = CA10FEF32A8553ED004DCCB1 /* DoorTableViewCell.swift */; };
		CA10FEF62A8553ED004DCCB1 /* DoorTableViewCell.xib in Resources */ = {isa = PBXBuildFile; fileRef = CA10FEF42A8553ED004DCCB1 /* DoorTableViewCell.xib */; };
		CA10FEFB2A862751004DCCB1 /* CamTableViewCell.swift in Sources */ = {isa = PBXBuildFile; fileRef = CA10FEF92A862750004DCCB1 /* CamTableViewCell.swift */; };
		CA10FEFC2A862751004DCCB1 /* CamTableViewCell.xib in Resources */ = {isa = PBXBuildFile; fileRef = CA10FEFA2A862750004DCCB1 /* CamTableViewCell.xib */; };
		CA10FEFE2A867231004DCCB1 /* CamSection.swift in Sources */ = {isa = PBXBuildFile; fileRef = CA10FEFD2A867231004DCCB1 /* CamSection.swift */; };
		CA10FF002A868FD1004DCCB1 /* DetailViewController.swift in Sources */ = {isa = PBXBuildFile; fileRef = CA10FEFF2A868FD1004DCCB1 /* DetailViewController.swift */; };
/* End PBXBuildFile section */

/* Begin PBXFileReference section */
		CA10FEAF2A84F2D4004DCCB1 /* test.app */ = {isa = PBXFileReference; explicitFileType = wrapper.application; includeInIndex = 0; path = test.app; sourceTree = BUILT_PRODUCTS_DIR; };
		CA10FEB22A84F2D4004DCCB1 /* AppDelegate.swift */ = {isa = PBXFileReference; lastKnownFileType = sourcecode.swift; path = AppDelegate.swift; sourceTree = "<group>"; };
		CA10FEB42A84F2D4004DCCB1 /* SceneDelegate.swift */ = {isa = PBXFileReference; lastKnownFileType = sourcecode.swift; path = SceneDelegate.swift; sourceTree = "<group>"; };
		CA10FEB62A84F2D4004DCCB1 /* RootViewController.swift */ = {isa = PBXFileReference; lastKnownFileType = sourcecode.swift; path = RootViewController.swift; sourceTree = "<group>"; };
		CA10FEB92A84F2D4004DCCB1 /* Base */ = {isa = PBXFileReference; lastKnownFileType = file.storyboard; name = Base; path = Base.lproj/Main.storyboard; sourceTree = "<group>"; };
		CA10FEBB2A84F2D5004DCCB1 /* Assets.xcassets */ = {isa = PBXFileReference; lastKnownFileType = folder.assetcatalog; path = Assets.xcassets; sourceTree = "<group>"; };
		CA10FEBE2A84F2D5004DCCB1 /* Base */ = {isa = PBXFileReference; lastKnownFileType = file.storyboard; name = Base; path = Base.lproj/LaunchScreen.storyboard; sourceTree = "<group>"; };
		CA10FEC02A84F2D5004DCCB1 /* Info.plist */ = {isa = PBXFileReference; lastKnownFileType = text.plist.xml; path = Info.plist; sourceTree = "<group>"; };
		CA10FEDE2A8513B6004DCCB1 /* CamViewController.swift */ = {isa = PBXFileReference; lastKnownFileType = sourcecode.swift; path = CamViewController.swift; sourceTree = "<group>"; };
		CA10FEE02A8513C5004DCCB1 /* DoorViewController.swift */ = {isa = PBXFileReference; lastKnownFileType = sourcecode.swift; path = DoorViewController.swift; sourceTree = "<group>"; };
		CA10FEE42A851BCD004DCCB1 /* NetworkManager.swift */ = {isa = PBXFileReference; lastKnownFileType = sourcecode.swift; path = NetworkManager.swift; sourceTree = "<group>"; };
		CA10FEE62A852735004DCCB1 /* CamResult.swift */ = {isa = PBXFileReference; lastKnownFileType = sourcecode.swift; path = CamResult.swift; sourceTree = "<group>"; };
		CA10FEE82A852761004DCCB1 /* DoorResult.swift */ = {isa = PBXFileReference; lastKnownFileType = sourcecode.swift; path = DoorResult.swift; sourceTree = "<group>"; };
		CA10FEF02A852F3A004DCCB1 /* StorageManager.swift */ = {isa = PBXFileReference; lastKnownFileType = sourcecode.swift; path = StorageManager.swift; sourceTree = "<group>"; };
		CA10FEF32A8553ED004DCCB1 /* DoorTableViewCell.swift */ = {isa = PBXFileReference; lastKnownFileType = sourcecode.swift; path = DoorTableViewCell.swift; sourceTree = "<group>"; };
		CA10FEF42A8553ED004DCCB1 /* DoorTableViewCell.xib */ = {isa = PBXFileReference; lastKnownFileType = file.xib; path = DoorTableViewCell.xib; sourceTree = "<group>"; };
		CA10FEF92A862750004DCCB1 /* CamTableViewCell.swift */ = {isa = PBXFileReference; lastKnownFileType = sourcecode.swift; path = CamTableViewCell.swift; sourceTree = "<group>"; };
		CA10FEFA2A862750004DCCB1 /* CamTableViewCell.xib */ = {isa = PBXFileReference; lastKnownFileType = file.xib; path = CamTableViewCell.xib; sourceTree = "<group>"; };
		CA10FEFD2A867231004DCCB1 /* CamSection.swift */ = {isa = PBXFileReference; lastKnownFileType = sourcecode.swift; path = CamSection.swift; sourceTree = "<group>"; };
		CA10FEFF2A868FD1004DCCB1 /* DetailViewController.swift */ = {isa = PBXFileReference; lastKnownFileType = sourcecode.swift; path = DetailViewController.swift; sourceTree = "<group>"; };
/* End PBXFileReference section */

/* Begin PBXFrameworksBuildPhase section */
		CA10FEAC2A84F2D4004DCCB1 /* Frameworks */ = {
			isa = PBXFrameworksBuildPhase;
			buildActionMask = 2147483647;
			files = (
				CA10FEEE2A852F1B004DCCB1 /* RealmSwift in Frameworks */,
				CA10FEEC2A852F1B004DCCB1 /* Realm in Frameworks */,
			);
			runOnlyForDeploymentPostprocessing = 0;
		};
/* End PBXFrameworksBuildPhase section */

/* Begin PBXGroup section */
		CA10FEA62A84F2D4004DCCB1 = {
			isa = PBXGroup;
			children = (
				CA10FEB12A84F2D4004DCCB1 /* test */,
				CA10FEB02A84F2D4004DCCB1 /* Products */,
			);
			sourceTree = "<group>";
		};
		CA10FEB02A84F2D4004DCCB1 /* Products */ = {
			isa = PBXGroup;
			children = (
				CA10FEAF2A84F2D4004DCCB1 /* test.app */,
			);
			name = Products;
			sourceTree = "<group>";
		};
		CA10FEB12A84F2D4004DCCB1 /* test */ = {
			isa = PBXGroup;
			children = (
				CA10FEE22A851B94004DCCB1 /* Services */,
				CA10FEC82A84F351004DCCB1 /* ViewControllers */,
				CA10FEC72A84F343004DCCB1 /* Views */,
				CA10FEC62A84F301004DCCB1 /* Models */,
				CA10FEB22A84F2D4004DCCB1 /* AppDelegate.swift */,
				CA10FEB42A84F2D4004DCCB1 /* SceneDelegate.swift */,
				CA10FEBB2A84F2D5004DCCB1 /* Assets.xcassets */,
				CA10FEBD2A84F2D5004DCCB1 /* LaunchScreen.storyboard */,
				CA10FEC02A84F2D5004DCCB1 /* Info.plist */,
			);
			path = test;
			sourceTree = "<group>";
		};
		CA10FEC62A84F301004DCCB1 /* Models */ = {
			isa = PBXGroup;
			children = (
				CA10FEE62A852735004DCCB1 /* CamResult.swift */,
				CA10FEE82A852761004DCCB1 /* DoorResult.swift */,
				CA10FEFD2A867231004DCCB1 /* CamSection.swift */,
			);
			path = Models;
			sourceTree = "<group>";
		};
		CA10FEC72A84F343004DCCB1 /* Views */ = {
			isa = PBXGroup;
			children = (
				CA10FEF82A862733004DCCB1 /* CamTableViewCell */,
				CA10FEF72A85541E004DCCB1 /* DoorTableViewCell */,
				CA10FEB82A84F2D4004DCCB1 /* Main.storyboard */,
			);
			path = Views;
			sourceTree = "<group>";
		};
		CA10FEC82A84F351004DCCB1 /* ViewControllers */ = {
			isa = PBXGroup;
			children = (
				CA10FEB62A84F2D4004DCCB1 /* RootViewController.swift */,
				CA10FEDE2A8513B6004DCCB1 /* CamViewController.swift */,
				CA10FEE02A8513C5004DCCB1 /* DoorViewController.swift */,
				CA10FEFF2A868FD1004DCCB1 /* DetailViewController.swift */,
			);
			path = ViewControllers;
			sourceTree = "<group>";
		};
		CA10FEE22A851B94004DCCB1 /* Services */ = {
			isa = PBXGroup;
			children = (
				CA10FEEF2A852F26004DCCB1 /* Storage */,
				CA10FEE32A851B9F004DCCB1 /* Network */,
			);
			path = Services;
			sourceTree = "<group>";
		};
		CA10FEE32A851B9F004DCCB1 /* Network */ = {
			isa = PBXGroup;
			children = (
				CA10FEE42A851BCD004DCCB1 /* NetworkManager.swift */,
			);
			path = Network;
			sourceTree = "<group>";
		};
		CA10FEEF2A852F26004DCCB1 /* Storage */ = {
			isa = PBXGroup;
			children = (
				CA10FEF22A852F7F004DCCB1 /* New Group */,
				CA10FEF02A852F3A004DCCB1 /* StorageManager.swift */,
			);
			path = Storage;
			sourceTree = "<group>";
		};
		CA10FEF22A852F7F004DCCB1 /* New Group */ = {
			isa = PBXGroup;
			children = (
			);
			path = "New Group";
			sourceTree = "<group>";
		};
		CA10FEF72A85541E004DCCB1 /* DoorTableViewCell */ = {
			isa = PBXGroup;
			children = (
				CA10FEF32A8553ED004DCCB1 /* DoorTableViewCell.swift */,
				CA10FEF42A8553ED004DCCB1 /* DoorTableViewCell.xib */,
			);
			path = DoorTableViewCell;
			sourceTree = "<group>";
		};
		CA10FEF82A862733004DCCB1 /* CamTableViewCell */ = {
			isa = PBXGroup;
			children = (
				CA10FEF92A862750004DCCB1 /* CamTableViewCell.swift */,
				CA10FEFA2A862750004DCCB1 /* CamTableViewCell.xib */,
			);
			path = CamTableViewCell;
			sourceTree = "<group>";
		};
/* End PBXGroup section */

/* Begin PBXNativeTarget section */
		CA10FEAE2A84F2D4004DCCB1 /* test */ = {
			isa = PBXNativeTarget;
			buildConfigurationList = CA10FEC32A84F2D5004DCCB1 /* Build configuration list for PBXNativeTarget "test" */;
			buildPhases = (
				CA10FEAB2A84F2D4004DCCB1 /* Sources */,
				CA10FEAC2A84F2D4004DCCB1 /* Frameworks */,
				CA10FEAD2A84F2D4004DCCB1 /* Resources */,
			);
			buildRules = (
			);
			dependencies = (
			);
			name = test;
			packageProductDependencies = (
				CA10FEEB2A852F1B004DCCB1 /* Realm */,
				CA10FEED2A852F1B004DCCB1 /* RealmSwift */,
			);
			productName = test;
			productReference = CA10FEAF2A84F2D4004DCCB1 /* test.app */;
			productType = "com.apple.product-type.application";
		};
/* End PBXNativeTarget section */

/* Begin PBXProject section */
		CA10FEA72A84F2D4004DCCB1 /* Project object */ = {
			isa = PBXProject;
			attributes = {
				BuildIndependentTargetsInParallel = 1;
				LastSwiftUpdateCheck = 1430;
				LastUpgradeCheck = 1430;
				TargetAttributes = {
					CA10FEAE2A84F2D4004DCCB1 = {
						CreatedOnToolsVersion = 14.3.1;
					};
				};
			};
			buildConfigurationList = CA10FEAA2A84F2D4004DCCB1 /* Build configuration list for PBXProject "test" */;
			compatibilityVersion = "Xcode 14.0";
			developmentRegion = en;
			hasScannedForEncodings = 0;
			knownRegions = (
				en,
				Base,
			);
			mainGroup = CA10FEA62A84F2D4004DCCB1;
			packageReferences = (
				CA10FEEA2A852F1B004DCCB1 /* XCRemoteSwiftPackageReference "realm-swift" */,
			);
			productRefGroup = CA10FEB02A84F2D4004DCCB1 /* Products */;
			projectDirPath = "";
			projectRoot = "";
			targets = (
				CA10FEAE2A84F2D4004DCCB1 /* test */,
			);
		};
/* End PBXProject section */

/* Begin PBXResourcesBuildPhase section */
		CA10FEAD2A84F2D4004DCCB1 /* Resources */ = {
			isa = PBXResourcesBuildPhase;
			buildActionMask = 2147483647;
			files = (
				CA10FEBF2A84F2D5004DCCB1 /* LaunchScreen.storyboard in Resources */,
				CA10FEFC2A862751004DCCB1 /* CamTableViewCell.xib in Resources */,
				CA10FEF62A8553ED004DCCB1 /* DoorTableViewCell.xib in Resources */,
				CA10FEBC2A84F2D5004DCCB1 /* Assets.xcassets in Resources */,
				CA10FEBA2A84F2D4004DCCB1 /* Main.storyboard in Resources */,
			);
			runOnlyForDeploymentPostprocessing = 0;
		};
/* End PBXResourcesBuildPhase section */

/* Begin PBXSourcesBuildPhase section */
		CA10FEAB2A84F2D4004DCCB1 /* Sources */ = {
			isa = PBXSourcesBuildPhase;
			buildActionMask = 2147483647;
			files = (
				CA10FF002A868FD1004DCCB1 /* DetailViewController.swift in Sources */,
				CA10FEE52A851BCD004DCCB1 /* NetworkManager.swift in Sources */,
				CA10FEB72A84F2D4004DCCB1 /* RootViewController.swift in Sources */,
				CA10FEB32A84F2D4004DCCB1 /* AppDelegate.swift in Sources */,
				CA10FEF12A852F3A004DCCB1 /* StorageManager.swift in Sources */,
				CA10FEE72A852735004DCCB1 /* CamResult.swift in Sources */,
				CA10FEF52A8553ED004DCCB1 /* DoorTableViewCell.swift in Sources */,
				CA10FEE92A852761004DCCB1 /* DoorResult.swift in Sources */,
				CA10FEE12A8513C5004DCCB1 /* DoorViewController.swift in Sources */,
				CA10FEDF2A8513B6004DCCB1 /* CamViewController.swift in Sources */,
				CA10FEFE2A867231004DCCB1 /* CamSection.swift in Sources */,
				CA10FEB52A84F2D4004DCCB1 /* SceneDelegate.swift in Sources */,
				CA10FEFB2A862751004DCCB1 /* CamTableViewCell.swift in Sources */,
			);
			runOnlyForDeploymentPostprocessing = 0;
		};
/* End PBXSourcesBuildPhase section */

/* Begin PBXVariantGroup section */
		CA10FEB82A84F2D4004DCCB1 /* Main.storyboard */ = {
			isa = PBXVariantGroup;
			children = (
				CA10FEB92A84F2D4004DCCB1 /* Base */,
			);
			name = Main.storyboard;
			sourceTree = "<group>";
		};
		CA10FEBD2A84F2D5004DCCB1 /* LaunchScreen.storyboard */ = {
			isa = PBXVariantGroup;
			children = (
				CA10FEBE2A84F2D5004DCCB1 /* Base */,
			);
			name = LaunchScreen.storyboard;
			sourceTree = "<group>";
		};
/* End PBXVariantGroup section */

/* Begin XCBuildConfiguration section */
		CA10FEC12A84F2D5004DCCB1 /* Debug */ = {
			isa = XCBuildConfiguration;
			buildSettings = {
				ALWAYS_SEARCH_USER_PATHS = NO;
				CLANG_ANALYZER_NONNULL = YES;
				CLANG_ANALYZER_NUMBER_OBJECT_CONVERSION = YES_AGGRESSIVE;
				CLANG_CXX_LANGUAGE_STANDARD = "gnu++20";
				CLANG_ENABLE_MODULES = YES;
				CLANG_ENABLE_OBJC_ARC = YES;
				CLANG_ENABLE_OBJC_WEAK = YES;
				CLANG_WARN_BLOCK_CAPTURE_AUTORELEASING = YES;
				CLANG_WARN_BOOL_CONVERSION = YES;
				CLANG_WARN_COMMA = YES;
				CLANG_WARN_CONSTANT_CONVERSION = YES;
				CLANG_WARN_DEPRECATED_OBJC_IMPLEMENTATIONS = YES;
				CLANG_WARN_DIRECT_OBJC_ISA_USAGE = YES_ERROR;
				CLANG_WARN_DOCUMENTATION_COMMENTS = YES;
				CLANG_WARN_EMPTY_BODY = YES;
				CLANG_WARN_ENUM_CONVERSION = YES;
				CLANG_WARN_INFINITE_RECURSION = YES;
				CLANG_WARN_INT_CONVERSION = YES;
				CLANG_WARN_NON_LITERAL_NULL_CONVERSION = YES;
				CLANG_WARN_OBJC_IMPLICIT_RETAIN_SELF = YES;
				CLANG_WARN_OBJC_LITERAL_CONVERSION = YES;
				CLANG_WARN_OBJC_ROOT_CLASS = YES_ERROR;
				CLANG_WARN_QUOTED_INCLUDE_IN_FRAMEWORK_HEADER = YES;
				CLANG_WARN_RANGE_LOOP_ANALYSIS = YES;
				CLANG_WARN_STRICT_PROTOTYPES = YES;
				CLANG_WARN_SUSPICIOUS_MOVE = YES;
				CLANG_WARN_UNGUARDED_AVAILABILITY = YES_AGGRESSIVE;
				CLANG_WARN_UNREACHABLE_CODE = YES;
				CLANG_WARN__DUPLICATE_METHOD_MATCH = YES;
				COPY_PHASE_STRIP = NO;
				DEBUG_INFORMATION_FORMAT = dwarf;
				ENABLE_STRICT_OBJC_MSGSEND = YES;
				ENABLE_TESTABILITY = YES;
				GCC_C_LANGUAGE_STANDARD = gnu11;
				GCC_DYNAMIC_NO_PIC = NO;
				GCC_NO_COMMON_BLOCKS = YES;
				GCC_OPTIMIZATION_LEVEL = 0;
				GCC_PREPROCESSOR_DEFINITIONS = (
					"DEBUG=1",
					"$(inherited)",
				);
				GCC_WARN_64_TO_32_BIT_CONVERSION = YES;
				GCC_WARN_ABOUT_RETURN_TYPE = YES_ERROR;
				GCC_WARN_UNDECLARED_SELECTOR = YES;
				GCC_WARN_UNINITIALIZED_AUTOS = YES_AGGRESSIVE;
				GCC_WARN_UNUSED_FUNCTION = YES;
				GCC_WARN_UNUSED_VARIABLE = YES;
				IPHONEOS_DEPLOYMENT_TARGET = 16.4;
				MTL_ENABLE_DEBUG_INFO = INCLUDE_SOURCE;
				MTL_FAST_MATH = YES;
				ONLY_ACTIVE_ARCH = YES;
				SDKROOT = iphoneos;
				SWIFT_ACTIVE_COMPILATION_CONDITIONS = DEBUG;
				SWIFT_OPTIMIZATION_LEVEL = "-Onone";
			};
			name = Debug;
		};
		CA10FEC22A84F2D5004DCCB1 /* Release */ = {
			isa = XCBuildConfiguration;
			buildSettings = {
				ALWAYS_SEARCH_USER_PATHS = NO;
				CLANG_ANALYZER_NONNULL = YES;
				CLANG_ANALYZER_NUMBER_OBJECT_CONVERSION = YES_AGGRESSIVE;
				CLANG_CXX_LANGUAGE_STANDARD = "gnu++20";
				CLANG_ENABLE_MODULES = YES;
				CLANG_ENABLE_OBJC_ARC = YES;
				CLANG_ENABLE_OBJC_WEAK = YES;
				CLANG_WARN_BLOCK_CAPTURE_AUTORELEASING = YES;
				CLANG_WARN_BOOL_CONVERSION = YES;
				CLANG_WARN_COMMA = YES;
				CLANG_WARN_CONSTANT_CONVERSION = YES;
				CLANG_WARN_DEPRECATED_OBJC_IMPLEMENTATIONS = YES;
				CLANG_WARN_DIRECT_OBJC_ISA_USAGE = YES_ERROR;
				CLANG_WARN_DOCUMENTATION_COMMENTS = YES;
				CLANG_WARN_EMPTY_BODY = YES;
				CLANG_WARN_ENUM_CONVERSION = YES;
				CLANG_WARN_INFINITE_RECURSION = YES;
				CLANG_WARN_INT_CONVERSION = YES;
				CLANG_WARN_NON_LITERAL_NULL_CONVERSION = YES;
				CLANG_WARN_OBJC_IMPLICIT_RETAIN_SELF = YES;
				CLANG_WARN_OBJC_LITERAL_CONVERSION = YES;
				CLANG_WARN_OBJC_ROOT_CLASS = YES_ERROR;
				CLANG_WARN_QUOTED_INCLUDE_IN_FRAMEWORK_HEADER = YES;
				CLANG_WARN_RANGE_LOOP_ANALYSIS = YES;
				CLANG_WARN_STRICT_PROTOTYPES = YES;
				CLANG_WARN_SUSPICIOUS_MOVE = YES;
				CLANG_WARN_UNGUARDED_AVAILABILITY = YES_AGGRESSIVE;
				CLANG_WARN_UNREACHABLE_CODE = YES;
				CLANG_WARN__DUPLICATE_METHOD_MATCH = YES;
				COPY_PHASE_STRIP = NO;
				DEBUG_INFORMATION_FORMAT = "dwarf-with-dsym";
				ENABLE_NS_ASSERTIONS = NO;
				ENABLE_STRICT_OBJC_MSGSEND = YES;
				GCC_C_LANGUAGE_STANDARD = gnu11;
				GCC_NO_COMMON_BLOCKS = YES;
				GCC_WARN_64_TO_32_BIT_CONVERSION = YES;
				GCC_WARN_ABOUT_RETURN_TYPE = YES_ERROR;
				GCC_WARN_UNDECLARED_SELECTOR = YES;
				GCC_WARN_UNINITIALIZED_AUTOS = YES_AGGRESSIVE;
				GCC_WARN_UNUSED_FUNCTION = YES;
				GCC_WARN_UNUSED_VARIABLE = YES;
				IPHONEOS_DEPLOYMENT_TARGET = 16.4;
				MTL_ENABLE_DEBUG_INFO = NO;
				MTL_FAST_MATH = YES;
				SDKROOT = iphoneos;
				SWIFT_COMPILATION_MODE = wholemodule;
				SWIFT_OPTIMIZATION_LEVEL = "-O";
				VALIDATE_PRODUCT = YES;
			};
			name = Release;
		};
		CA10FEC42A84F2D5004DCCB1 /* Debug */ = {
			isa = XCBuildConfiguration;
			buildSettings = {
				ASSETCATALOG_COMPILER_APPICON_NAME = AppIcon;
				ASSETCATALOG_COMPILER_GLOBAL_ACCENT_COLOR_NAME = AccentColor;
				CODE_SIGN_STYLE = Automatic;
				CURRENT_PROJECT_VERSION = 1;
				DEVELOPMENT_TEAM = 8DXP7MY767;
				GENERATE_INFOPLIST_FILE = YES;
				INFOPLIST_FILE = test/Info.plist;
				INFOPLIST_KEY_UIApplicationSupportsIndirectInputEvents = YES;
				INFOPLIST_KEY_UILaunchStoryboardName = LaunchScreen;
				INFOPLIST_KEY_UIMainStoryboardFile = Main;
				INFOPLIST_KEY_UISupportedInterfaceOrientations_iPad = "UIInterfaceOrientationPortrait UIInterfaceOrientationPortraitUpsideDown UIInterfaceOrientationLandscapeLeft UIInterfaceOrientationLandscapeRight";
				INFOPLIST_KEY_UISupportedInterfaceOrientations_iPhone = "UIInterfaceOrientationPortrait UIInterfaceOrientationLandscapeLeft UIInterfaceOrientationLandscapeRight";
				IPHONEOS_DEPLOYMENT_TARGET = 15.0;
				LD_RUNPATH_SEARCH_PATHS = (
					"$(inherited)",
					"@executable_path/Frameworks",
				);
				MARKETING_VERSION = 1.0;
				PRODUCT_BUNDLE_IDENTIFIER = AM.test.first;
				PRODUCT_NAME = "$(TARGET_NAME)";
				SWIFT_EMIT_LOC_STRINGS = YES;
				SWIFT_VERSION = 5.0;
				TARGETED_DEVICE_FAMILY = "1,2";
			};
			name = Debug;
		};
		CA10FEC52A84F2D5004DCCB1 /* Release */ = {
			isa = XCBuildConfiguration;
			buildSettings = {
				ASSETCATALOG_COMPILER_APPICON_NAME = AppIcon;
				ASSETCATALOG_COMPILER_GLOBAL_ACCENT_COLOR_NAME = AccentColor;
				CODE_SIGN_STYLE = Automatic;
				CURRENT_PROJECT_VERSION = 1;
				DEVELOPMENT_TEAM = 8DXP7MY767;
				GENERATE_INFOPLIST_FILE = YES;
				INFOPLIST_FILE = test/Info.plist;
				INFOPLIST_KEY_UIApplicationSupportsIndirectInputEvents = YES;
				INFOPLIST_KEY_UILaunchStoryboardName = LaunchScreen;
				INFOPLIST_KEY_UIMainStoryboardFile = Main;
				INFOPLIST_KEY_UISupportedInterfaceOrientations_iPad = "UIInterfaceOrientationPortrait UIInterfaceOrientationPortraitUpsideDown UIInterfaceOrientationLandscapeLeft UIInterfaceOrientationLandscapeRight";
				INFOPLIST_KEY_UISupportedInterfaceOrientations_iPhone = "UIInterfaceOrientationPortrait UIInterfaceOrientationLandscapeLeft UIInterfaceOrientationLandscapeRight";
				IPHONEOS_DEPLOYMENT_TARGET = 15.0;
				LD_RUNPATH_SEARCH_PATHS = (
					"$(inherited)",
					"@executable_path/Frameworks",
				);
				MARKETING_VERSION = 1.0;
				PRODUCT_BUNDLE_IDENTIFIER = AM.test.first;
				PRODUCT_NAME = "$(TARGET_NAME)";
				SWIFT_EMIT_LOC_STRINGS = YES;
				SWIFT_VERSION = 5.0;
				TARGETED_DEVICE_FAMILY = "1,2";
			};
			name = Release;
		};
/* End XCBuildConfiguration section */

/* Begin XCConfigurationList section */
		CA10FEAA2A84F2D4004DCCB1 /* Build configuration list for PBXProject "test" */ = {
			isa = XCConfigurationList;
			buildConfigurations = (
				CA10FEC12A84F2D5004DCCB1 /* Debug */,
				CA10FEC22A84F2D5004DCCB1 /* Release */,
			);
			defaultConfigurationIsVisible = 0;
			defaultConfigurationName = Release;
		};
		CA10FEC32A84F2D5004DCCB1 /* Build configuration list for PBXNativeTarget "test" */ = {
			isa = XCConfigurationList;
			buildConfigurations = (
				CA10FEC42A84F2D5004DCCB1 /* Debug */,
				CA10FEC52A84F2D5004DCCB1 /* Release */,
			);
			defaultConfigurationIsVisible = 0;
			defaultConfigurationName = Release;
		};
/* End XCConfigurationList section */

/* Begin XCRemoteSwiftPackageReference section */
		CA10FEEA2A852F1B004DCCB1 /* XCRemoteSwiftPackageReference "realm-swift" */ = {
			isa = XCRemoteSwiftPackageReference;
			repositoryURL = "https://github.com/realm/realm-swift";
			requirement = {
				branch = master;
				kind = branch;
			};
		};
/* End XCRemoteSwiftPackageReference section */

/* Begin XCSwiftPackageProductDependency section */
		CA10FEEB2A852F1B004DCCB1 /* Realm */ = {
			isa = XCSwiftPackageProductDependency;
			package = CA10FEEA2A852F1B004DCCB1 /* XCRemoteSwiftPackageReference "realm-swift" */;
			productName = Realm;
		};
		CA10FEED2A852F1B004DCCB1 /* RealmSwift */ = {
			isa = XCSwiftPackageProductDependency;
			package = CA10FEEA2A852F1B004DCCB1 /* XCRemoteSwiftPackageReference "realm-swift" */;
			productName = RealmSwift;
		};
/* End XCSwiftPackageProductDependency section */
	};
	rootObject = CA10FEA72A84F2D4004DCCB1 /* Project object */;
}
